// !$*UTF8*$!
{
	archiveVersion = 1;
	classes = {
	};
	objectVersion = 56;
	objects = {

/* Begin PBXBuildFile section */
		EAAA44882A23EA3500E08173 /* AppDelegate.swift in Sources */ = {isa = PBXBuildFile; fileRef = EAAA44872A23EA3500E08173 /* AppDelegate.swift */; };
		EAAA448A2A23EA3500E08173 /* SceneDelegate.swift in Sources */ = {isa = PBXBuildFile; fileRef = EAAA44892A23EA3500E08173 /* SceneDelegate.swift */; };
		EAAA448C2A23EA3500E08173 /* PhotosViewController.swift in Sources */ = {isa = PBXBuildFile; fileRef = EAAA448B2A23EA3500E08173 /* PhotosViewController.swift */; };
		EAAA448F2A23EA3500E08173 /* Main.storyboard in Resources */ = {isa = PBXBuildFile; fileRef = EAAA448D2A23EA3500E08173 /* Main.storyboard */; };
		EAAA44912A23EA3600E08173 /* Assets.xcassets in Resources */ = {isa = PBXBuildFile; fileRef = EAAA44902A23EA3600E08173 /* Assets.xcassets */; };
		EAAA44942A23EA3600E08173 /* LaunchScreen.storyboard in Resources */ = {isa = PBXBuildFile; fileRef = EAAA44922A23EA3600E08173 /* LaunchScreen.storyboard */; };
		EAAA449F2A23EA3600E08173 /* PhotoramaTests.swift in Sources */ = {isa = PBXBuildFile; fileRef = EAAA449E2A23EA3600E08173 /* PhotoramaTests.swift */; };
		EAAA44A92A23EA3600E08173 /* PhotoramaUITests.swift in Sources */ = {isa = PBXBuildFile; fileRef = EAAA44A82A23EA3600E08173 /* PhotoramaUITests.swift */; };
		EAAA44AB2A23EA3600E08173 /* PhotoramaUITestsLaunchTests.swift in Sources */ = {isa = PBXBuildFile; fileRef = EAAA44AA2A23EA3600E08173 /* PhotoramaUITestsLaunchTests.swift */; };
		EAAA44B82A23ED6600E08173 /* FlickrAPI.swift in Sources */ = {isa = PBXBuildFile; fileRef = EAAA44B72A23ED6600E08173 /* FlickrAPI.swift */; };
		EAAA44BA2A23F50400E08173 /* PhotoStore.swift in Sources */ = {isa = PBXBuildFile; fileRef = EAAA44B92A23F50400E08173 /* PhotoStore.swift */; };
		EAAA44BC2A23FC3800E08173 /* Photo.swift in Sources */ = {isa = PBXBuildFile; fileRef = EAAA44BB2A23FC3800E08173 /* Photo.swift */; };
/* End PBXBuildFile section */

/* Begin PBXContainerItemProxy section */
		EAAA449B2A23EA3600E08173 /* PBXContainerItemProxy */ = {
			isa = PBXContainerItemProxy;
			containerPortal = EAAA447C2A23EA3500E08173 /* Project object */;
			proxyType = 1;
			remoteGlobalIDString = EAAA44832A23EA3500E08173;
			remoteInfo = Photorama;
		};
		EAAA44A52A23EA3600E08173 /* PBXContainerItemProxy */ = {
			isa = PBXContainerItemProxy;
			containerPortal = EAAA447C2A23EA3500E08173 /* Project object */;
			proxyType = 1;
			remoteGlobalIDString = EAAA44832A23EA3500E08173;
			remoteInfo = Photorama;
		};
/* End PBXContainerItemProxy section */

/* Begin PBXFileReference section */
		EAAA44842A23EA3500E08173 /* Photorama.app */ = {isa = PBXFileReference; explicitFileType = wrapper.application; includeInIndex = 0; path = Photorama.app; sourceTree = BUILT_PRODUCTS_DIR; };
		EAAA44872A23EA3500E08173 /* AppDelegate.swift */ = {isa = PBXFileReference; lastKnownFileType = sourcecode.swift; path = AppDelegate.swift; sourceTree = "<group>"; };
		EAAA44892A23EA3500E08173 /* SceneDelegate.swift */ = {isa = PBXFileReference; lastKnownFileType = sourcecode.swift; path = SceneDelegate.swift; sourceTree = "<group>"; };
		EAAA448B2A23EA3500E08173 /* PhotosViewController.swift */ = {isa = PBXFileReference; lastKnownFileType = sourcecode.swift; path = PhotosViewController.swift; sourceTree = "<group>"; };
		EAAA448E2A23EA3500E08173 /* Base */ = {isa = PBXFileReference; lastKnownFileType = file.storyboard; name = Base; path = Base.lproj/Main.storyboard; sourceTree = "<group>"; };
		EAAA44902A23EA3600E08173 /* Assets.xcassets */ = {isa = PBXFileReference; lastKnownFileType = folder.assetcatalog; path = Assets.xcassets; sourceTree = "<group>"; };
		EAAA44932A23EA3600E08173 /* Base */ = {isa = PBXFileReference; lastKnownFileType = file.storyboard; name = Base; path = Base.lproj/LaunchScreen.storyboard; sourceTree = "<group>"; };
		EAAA44952A23EA3600E08173 /* Info.plist */ = {isa = PBXFileReference; lastKnownFileType = text.plist.xml; path = Info.plist; sourceTree = "<group>"; };
		EAAA449A2A23EA3600E08173 /* PhotoramaTests.xctest */ = {isa = PBXFileReference; explicitFileType = wrapper.cfbundle; includeInIndex = 0; path = PhotoramaTests.xctest; sourceTree = BUILT_PRODUCTS_DIR; };
		EAAA449E2A23EA3600E08173 /* PhotoramaTests.swift */ = {isa = PBXFileReference; lastKnownFileType = sourcecode.swift; path = PhotoramaTests.swift; sourceTree = "<group>"; };
		EAAA44A42A23EA3600E08173 /* PhotoramaUITests.xctest */ = {isa = PBXFileReference; explicitFileType = wrapper.cfbundle; includeInIndex = 0; path = PhotoramaUITests.xctest; sourceTree = BUILT_PRODUCTS_DIR; };
		EAAA44A82A23EA3600E08173 /* PhotoramaUITests.swift */ = {isa = PBXFileReference; lastKnownFileType = sourcecode.swift; path = PhotoramaUITests.swift; sourceTree = "<group>"; };
		EAAA44AA2A23EA3600E08173 /* PhotoramaUITestsLaunchTests.swift */ = {isa = PBXFileReference; lastKnownFileType = sourcecode.swift; path = PhotoramaUITestsLaunchTests.swift; sourceTree = "<group>"; };
		EAAA44B72A23ED6600E08173 /* FlickrAPI.swift */ = {isa = PBXFileReference; lastKnownFileType = sourcecode.swift; path = FlickrAPI.swift; sourceTree = "<group>"; };
		EAAA44B92A23F50400E08173 /* PhotoStore.swift */ = {isa = PBXFileReference; lastKnownFileType = sourcecode.swift; path = PhotoStore.swift; sourceTree = "<group>"; };
		EAAA44BB2A23FC3800E08173 /* Photo.swift */ = {isa = PBXFileReference; lastKnownFileType = sourcecode.swift; path = Photo.swift; sourceTree = "<group>"; };
/* End PBXFileReference section */

/* Begin PBXFrameworksBuildPhase section */
		EAAA44812A23EA3500E08173 /* Frameworks */ = {
			isa = PBXFrameworksBuildPhase;
			buildActionMask = 2147483647;
			files = (
			);
			runOnlyForDeploymentPostprocessing = 0;
		};
		EAAA44972A23EA3600E08173 /* Frameworks */ = {
			isa = PBXFrameworksBuildPhase;
			buildActionMask = 2147483647;
			files = (
			);
			runOnlyForDeploymentPostprocessing = 0;
		};
		EAAA44A12A23EA3600E08173 /* Frameworks */ = {
			isa = PBXFrameworksBuildPhase;
			buildActionMask = 2147483647;
			files = (
			);
			runOnlyForDeploymentPostprocessing = 0;
		};
/* End PBXFrameworksBuildPhase section */

/* Begin PBXGroup section */
		EAAA447B2A23EA3500E08173 = {
			isa = PBXGroup;
			children = (
				EAAA44862A23EA3500E08173 /* Photorama */,
				EAAA449D2A23EA3600E08173 /* PhotoramaTests */,
				EAAA44A72A23EA3600E08173 /* PhotoramaUITests */,
				EAAA44852A23EA3500E08173 /* Products */,
			);
			sourceTree = "<group>";
		};
		EAAA44852A23EA3500E08173 /* Products */ = {
			isa = PBXGroup;
			children = (
				EAAA44842A23EA3500E08173 /* Photorama.app */,
				EAAA449A2A23EA3600E08173 /* PhotoramaTests.xctest */,
				EAAA44A42A23EA3600E08173 /* PhotoramaUITests.xctest */,
			);
			name = Products;
			sourceTree = "<group>";
		};
		EAAA44862A23EA3500E08173 /* Photorama */ = {
			isa = PBXGroup;
			children = (
				EAAA44872A23EA3500E08173 /* AppDelegate.swift */,
				EAAA44892A23EA3500E08173 /* SceneDelegate.swift */,
				EAAA448B2A23EA3500E08173 /* PhotosViewController.swift */,
				EAAA44B92A23F50400E08173 /* PhotoStore.swift */,
				EAAA44BB2A23FC3800E08173 /* Photo.swift */,
				EAAA44B72A23ED6600E08173 /* FlickrAPI.swift */,
				EAAA448D2A23EA3500E08173 /* Main.storyboard */,
				EAAA44902A23EA3600E08173 /* Assets.xcassets */,
				EAAA44922A23EA3600E08173 /* LaunchScreen.storyboard */,
				EAAA44952A23EA3600E08173 /* Info.plist */,
			);
			path = Photorama;
			sourceTree = "<group>";
		};
		EAAA449D2A23EA3600E08173 /* PhotoramaTests */ = {
			isa = PBXGroup;
			children = (
				EAAA449E2A23EA3600E08173 /* PhotoramaTests.swift */,
			);
			path = PhotoramaTests;
			sourceTree = "<group>";
		};
		EAAA44A72A23EA3600E08173 /* PhotoramaUITests */ = {
			isa = PBXGroup;
			children = (
				EAAA44A82A23EA3600E08173 /* PhotoramaUITests.swift */,
				EAAA44AA2A23EA3600E08173 /* PhotoramaUITestsLaunchTests.swift */,
			);
			path = PhotoramaUITests;
			sourceTree = "<group>";
		};
/* End PBXGroup section */

/* Begin PBXNativeTarget section */
		EAAA44832A23EA3500E08173 /* Photorama */ = {
			isa = PBXNativeTarget;
			buildConfigurationList = EAAA44AE2A23EA3600E08173 /* Build configuration list for PBXNativeTarget "Photorama" */;
			buildPhases = (
				EAAA44802A23EA3500E08173 /* Sources */,
				EAAA44812A23EA3500E08173 /* Frameworks */,
				EAAA44822A23EA3500E08173 /* Resources */,
			);
			buildRules = (
			);
			dependencies = (
			);
			name = Photorama;
			productName = Photorama;
			productReference = EAAA44842A23EA3500E08173 /* Photorama.app */;
			productType = "com.apple.product-type.application";
		};
		EAAA44992A23EA3600E08173 /* PhotoramaTests */ = {
			isa = PBXNativeTarget;
			buildConfigurationList = EAAA44B12A23EA3600E08173 /* Build configuration list for PBXNativeTarget "PhotoramaTests" */;
			buildPhases = (
				EAAA44962A23EA3600E08173 /* Sources */,
				EAAA44972A23EA3600E08173 /* Frameworks */,
				EAAA44982A23EA3600E08173 /* Resources */,
			);
			buildRules = (
			);
			dependencies = (
				EAAA449C2A23EA3600E08173 /* PBXTargetDependency */,
			);
			name = PhotoramaTests;
			productName = PhotoramaTests;
			productReference = EAAA449A2A23EA3600E08173 /* PhotoramaTests.xctest */;
			productType = "com.apple.product-type.bundle.unit-test";
		};
		EAAA44A32A23EA3600E08173 /* PhotoramaUITests */ = {
			isa = PBXNativeTarget;
			buildConfigurationList = EAAA44B42A23EA3600E08173 /* Build configuration list for PBXNativeTarget "PhotoramaUITests" */;
			buildPhases = (
				EAAA44A02A23EA3600E08173 /* Sources */,
				EAAA44A12A23EA3600E08173 /* Frameworks */,
				EAAA44A22A23EA3600E08173 /* Resources */,
			);
			buildRules = (
			);
			dependencies = (
				EAAA44A62A23EA3600E08173 /* PBXTargetDependency */,
			);
			name = PhotoramaUITests;
			productName = PhotoramaUITests;
			productReference = EAAA44A42A23EA3600E08173 /* PhotoramaUITests.xctest */;
			productType = "com.apple.product-type.bundle.ui-testing";
		};
/* End PBXNativeTarget section */

/* Begin PBXProject section */
		EAAA447C2A23EA3500E08173 /* Project object */ = {
			isa = PBXProject;
			attributes = {
				BuildIndependentTargetsInParallel = 1;
				LastSwiftUpdateCheck = 1430;
				LastUpgradeCheck = 1430;
				TargetAttributes = {
					EAAA44832A23EA3500E08173 = {
						CreatedOnToolsVersion = 14.3;
					};
					EAAA44992A23EA3600E08173 = {
						CreatedOnToolsVersion = 14.3;
						TestTargetID = EAAA44832A23EA3500E08173;
					};
					EAAA44A32A23EA3600E08173 = {
						CreatedOnToolsVersion = 14.3;
						TestTargetID = EAAA44832A23EA3500E08173;
					};
				};
			};
			buildConfigurationList = EAAA447F2A23EA3500E08173 /* Build configuration list for PBXProject "Photorama" */;
			compatibilityVersion = "Xcode 14.0";
			developmentRegion = en;
			hasScannedForEncodings = 0;
			knownRegions = (
				en,
				Base,
			);
			mainGroup = EAAA447B2A23EA3500E08173;
			productRefGroup = EAAA44852A23EA3500E08173 /* Products */;
			projectDirPath = "";
			projectRoot = "";
			targets = (
				EAAA44832A23EA3500E08173 /* Photorama */,
				EAAA44992A23EA3600E08173 /* PhotoramaTests */,
				EAAA44A32A23EA3600E08173 /* PhotoramaUITests */,
			);
		};
/* End PBXProject section */

/* Begin PBXResourcesBuildPhase section */
		EAAA44822A23EA3500E08173 /* Resources */ = {
			isa = PBXResourcesBuildPhase;
			buildActionMask = 2147483647;
			files = (
				EAAA44942A23EA3600E08173 /* LaunchScreen.storyboard in Resources */,
				EAAA44912A23EA3600E08173 /* Assets.xcassets in Resources */,
				EAAA448F2A23EA3500E08173 /* Main.storyboard in Resources */,
			);
			runOnlyForDeploymentPostprocessing = 0;
		};
		EAAA44982A23EA3600E08173 /* Resources */ = {
			isa = PBXResourcesBuildPhase;
			buildActionMask = 2147483647;
			files = (
			);
			runOnlyForDeploymentPostprocessing = 0;
		};
		EAAA44A22A23EA3600E08173 /* Resources */ = {
			isa = PBXResourcesBuildPhase;
			buildActionMask = 2147483647;
			files = (
			);
			runOnlyForDeploymentPostprocessing = 0;
		};
/* End PBXResourcesBuildPhase section */

/* Begin PBXSourcesBuildPhase section */
		EAAA44802A23EA3500E08173 /* Sources */ = {
			isa = PBXSourcesBuildPhase;
			buildActionMask = 2147483647;
			files = (
				EAAA44BC2A23FC3800E08173 /* Photo.swift in Sources */,
				EAAA44BA2A23F50400E08173 /* PhotoStore.swift in Sources */,
				EAAA448C2A23EA3500E08173 /* PhotosViewController.swift in Sources */,
				EAAA44882A23EA3500E08173 /* AppDelegate.swift in Sources */,
				EAAA448A2A23EA3500E08173 /* SceneDelegate.swift in Sources */,
				EAAA44B82A23ED6600E08173 /* FlickrAPI.swift in Sources */,
			);
			runOnlyForDeploymentPostprocessing = 0;
		};
		EAAA44962A23EA3600E08173 /* Sources */ = {
			isa = PBXSourcesBuildPhase;
			buildActionMask = 2147483647;
			files = (
				EAAA449F2A23EA3600E08173 /* PhotoramaTests.swift in Sources */,
			);
			runOnlyForDeploymentPostprocessing = 0;
		};
		EAAA44A02A23EA3600E08173 /* Sources */ = {
			isa = PBXSourcesBuildPhase;
			buildActionMask = 2147483647;
			files = (
				EAAA44AB2A23EA3600E08173 /* PhotoramaUITestsLaunchTests.swift in Sources */,
				EAAA44A92A23EA3600E08173 /* PhotoramaUITests.swift in Sources */,
			);
			runOnlyForDeploymentPostprocessing = 0;
		};
/* End PBXSourcesBuildPhase section */

/* Begin PBXTargetDependency section */
		EAAA449C2A23EA3600E08173 /* PBXTargetDependency */ = {
			isa = PBXTargetDependency;
			target = EAAA44832A23EA3500E08173 /* Photorama */;
			targetProxy = EAAA449B2A23EA3600E08173 /* PBXContainerItemProxy */;
		};
		EAAA44A62A23EA3600E08173 /* PBXTargetDependency */ = {
			isa = PBXTargetDependency;
			target = EAAA44832A23EA3500E08173 /* Photorama */;
			targetProxy = EAAA44A52A23EA3600E08173 /* PBXContainerItemProxy */;
		};
/* End PBXTargetDependency section */

/* Begin PBXVariantGroup section */
		EAAA448D2A23EA3500E08173 /* Main.storyboard */ = {
			isa = PBXVariantGroup;
			children = (
				EAAA448E2A23EA3500E08173 /* Base */,
			);
			name = Main.storyboard;
			sourceTree = "<group>";
		};
		EAAA44922A23EA3600E08173 /* LaunchScreen.storyboard */ = {
			isa = PBXVariantGroup;
			children = (
				EAAA44932A23EA3600E08173 /* Base */,
			);
			name = LaunchScreen.storyboard;
			sourceTree = "<group>";
		};
/* End PBXVariantGroup section */

/* Begin XCBuildConfiguration section */
		EAAA44AC2A23EA3600E08173 /* Debug */ = {
			isa = XCBuildConfiguration;
			buildSettings = {
				ALWAYS_SEARCH_USER_PATHS = NO;
				CLANG_ANALYZER_NONNULL = YES;
				CLANG_ANALYZER_NUMBER_OBJECT_CONVERSION = YES_AGGRESSIVE;
				CLANG_CXX_LANGUAGE_STANDARD = "gnu++20";
				CLANG_ENABLE_MODULES = YES;
				CLANG_ENABLE_OBJC_ARC = YES;
				CLANG_ENABLE_OBJC_WEAK = YES;
				CLANG_WARN_BLOCK_CAPTURE_AUTORELEASING = YES;
				CLANG_WARN_BOOL_CONVERSION = YES;
				CLANG_WARN_COMMA = YES;
				CLANG_WARN_CONSTANT_CONVERSION = YES;
				CLANG_WARN_DEPRECATED_OBJC_IMPLEMENTATIONS = YES;
				CLANG_WARN_DIRECT_OBJC_ISA_USAGE = YES_ERROR;
				CLANG_WARN_DOCUMENTATION_COMMENTS = YES;
				CLANG_WARN_EMPTY_BODY = YES;
				CLANG_WARN_ENUM_CONVERSION = YES;
				CLANG_WARN_INFINITE_RECURSION = YES;
				CLANG_WARN_INT_CONVERSION = YES;
				CLANG_WARN_NON_LITERAL_NULL_CONVERSION = YES;
				CLANG_WARN_OBJC_IMPLICIT_RETAIN_SELF = YES;
				CLANG_WARN_OBJC_LITERAL_CONVERSION = YES;
				CLANG_WARN_OBJC_ROOT_CLASS = YES_ERROR;
				CLANG_WARN_QUOTED_INCLUDE_IN_FRAMEWORK_HEADER = YES;
				CLANG_WARN_RANGE_LOOP_ANALYSIS = YES;
				CLANG_WARN_STRICT_PROTOTYPES = YES;
				CLANG_WARN_SUSPICIOUS_MOVE = YES;
				CLANG_WARN_UNGUARDED_AVAILABILITY = YES_AGGRESSIVE;
				CLANG_WARN_UNREACHABLE_CODE = YES;
				CLANG_WARN__DUPLICATE_METHOD_MATCH = YES;
				COPY_PHASE_STRIP = NO;
				DEBUG_INFORMATION_FORMAT = dwarf;
				ENABLE_STRICT_OBJC_MSGSEND = YES;
				ENABLE_TESTABILITY = YES;
				GCC_C_LANGUAGE_STANDARD = gnu11;
				GCC_DYNAMIC_NO_PIC = NO;
				GCC_NO_COMMON_BLOCKS = YES;
				GCC_OPTIMIZATION_LEVEL = 0;
				GCC_PREPROCESSOR_DEFINITIONS = (
					"DEBUG=1",
					"$(inherited)",
				);
				GCC_WARN_64_TO_32_BIT_CONVERSION = YES;
				GCC_WARN_ABOUT_RETURN_TYPE = YES_ERROR;
				GCC_WARN_UNDECLARED_SELECTOR = YES;
				GCC_WARN_UNINITIALIZED_AUTOS = YES_AGGRESSIVE;
				GCC_WARN_UNUSED_FUNCTION = YES;
				GCC_WARN_UNUSED_VARIABLE = YES;
				IPHONEOS_DEPLOYMENT_TARGET = 16.4;
				MTL_ENABLE_DEBUG_INFO = INCLUDE_SOURCE;
				MTL_FAST_MATH = YES;
				ONLY_ACTIVE_ARCH = YES;
				SDKROOT = iphoneos;
				SWIFT_ACTIVE_COMPILATION_CONDITIONS = DEBUG;
				SWIFT_OPTIMIZATION_LEVEL = "-Onone";
			};
			name = Debug;
		};
		EAAA44AD2A23EA3600E08173 /* Release */ = {
			isa = XCBuildConfiguration;
			buildSettings = {
				ALWAYS_SEARCH_USER_PATHS = NO;
				CLANG_ANALYZER_NONNULL = YES;
				CLANG_ANALYZER_NUMBER_OBJECT_CONVERSION = YES_AGGRESSIVE;
				CLANG_CXX_LANGUAGE_STANDARD = "gnu++20";
				CLANG_ENABLE_MODULES = YES;
				CLANG_ENABLE_OBJC_ARC = YES;
				CLANG_ENABLE_OBJC_WEAK = YES;
				CLANG_WARN_BLOCK_CAPTURE_AUTORELEASING = YES;
				CLANG_WARN_BOOL_CONVERSION = YES;
				CLANG_WARN_COMMA = YES;
				CLANG_WARN_CONSTANT_CONVERSION = YES;
				CLANG_WARN_DEPRECATED_OBJC_IMPLEMENTATIONS = YES;
				CLANG_WARN_DIRECT_OBJC_ISA_USAGE = YES_ERROR;
				CLANG_WARN_DOCUMENTATION_COMMENTS = YES;
				CLANG_WARN_EMPTY_BODY = YES;
				CLANG_WARN_ENUM_CONVERSION = YES;
				CLANG_WARN_INFINITE_RECURSION = YES;
				CLANG_WARN_INT_CONVERSION = YES;
				CLANG_WARN_NON_LITERAL_NULL_CONVERSION = YES;
				CLANG_WARN_OBJC_IMPLICIT_RETAIN_SELF = YES;
				CLANG_WARN_OBJC_LITERAL_CONVERSION = YES;
				CLANG_WARN_OBJC_ROOT_CLASS = YES_ERROR;
				CLANG_WARN_QUOTED_INCLUDE_IN_FRAMEWORK_HEADER = YES;
				CLANG_WARN_RANGE_LOOP_ANALYSIS = YES;
				CLANG_WARN_STRICT_PROTOTYPES = YES;
				CLANG_WARN_SUSPICIOUS_MOVE = YES;
				CLANG_WARN_UNGUARDED_AVAILABILITY = YES_AGGRESSIVE;
				CLANG_WARN_UNREACHABLE_CODE = YES;
				CLANG_WARN__DUPLICATE_METHOD_MATCH = YES;
				COPY_PHASE_STRIP = NO;
				DEBUG_INFORMATION_FORMAT = "dwarf-with-dsym";
				ENABLE_NS_ASSERTIONS = NO;
				ENABLE_STRICT_OBJC_MSGSEND = YES;
				GCC_C_LANGUAGE_STANDARD = gnu11;
				GCC_NO_COMMON_BLOCKS = YES;
				GCC_WARN_64_TO_32_BIT_CONVERSION = YES;
				GCC_WARN_ABOUT_RETURN_TYPE = YES_ERROR;
				GCC_WARN_UNDECLARED_SELECTOR = YES;
				GCC_WARN_UNINITIALIZED_AUTOS = YES_AGGRESSIVE;
				GCC_WARN_UNUSED_FUNCTION = YES;
				GCC_WARN_UNUSED_VARIABLE = YES;
				IPHONEOS_DEPLOYMENT_TARGET = 16.4;
				MTL_ENABLE_DEBUG_INFO = NO;
				MTL_FAST_MATH = YES;
				SDKROOT = iphoneos;
				SWIFT_COMPILATION_MODE = wholemodule;
				SWIFT_OPTIMIZATION_LEVEL = "-O";
				VALIDATE_PRODUCT = YES;
			};
			name = Release;
		};
		EAAA44AF2A23EA3600E08173 /* Debug */ = {
			isa = XCBuildConfiguration;
			buildSettings = {
				ASSETCATALOG_COMPILER_APPICON_NAME = AppIcon;
				ASSETCATALOG_COMPILER_GLOBAL_ACCENT_COLOR_NAME = AccentColor;
				CODE_SIGN_STYLE = Automatic;
				CURRENT_PROJECT_VERSION = 1;
				DEVELOPMENT_TEAM = PT7L42U54T;
				GENERATE_INFOPLIST_FILE = YES;
				INFOPLIST_FILE = Photorama/Info.plist;
				INFOPLIST_KEY_UIApplicationSupportsIndirectInputEvents = YES;
				INFOPLIST_KEY_UILaunchStoryboardName = LaunchScreen;
				INFOPLIST_KEY_UIMainStoryboardFile = Main;
				INFOPLIST_KEY_UISupportedInterfaceOrientations_iPad = "UIInterfaceOrientationPortrait UIInterfaceOrientationPortraitUpsideDown UIInterfaceOrientationLandscapeLeft UIInterfaceOrientationLandscapeRight";
				INFOPLIST_KEY_UISupportedInterfaceOrientations_iPhone = "UIInterfaceOrientationPortrait UIInterfaceOrientationLandscapeLeft UIInterfaceOrientationLandscapeRight";
				LD_RUNPATH_SEARCH_PATHS = (
					"$(inherited)",
					"@executable_path/Frameworks",
				);
				MARKETING_VERSION = 1.0;
				PRODUCT_BUNDLE_IDENTIFIER = BojanMitreski.Photorama;
				PRODUCT_NAME = "$(TARGET_NAME)";
				SWIFT_EMIT_LOC_STRINGS = YES;
				SWIFT_VERSION = 5.0;
				TARGETED_DEVICE_FAMILY = "1,2";
			};
			name = Debug;
		};
		EAAA44B02A23EA3600E08173 /* Release */ = {
			isa = XCBuildConfiguration;
			buildSettings = {
				ASSETCATALOG_COMPILER_APPICON_NAME = AppIcon;
				ASSETCATALOG_COMPILER_GLOBAL_ACCENT_COLOR_NAME = AccentColor;
				CODE_SIGN_STYLE = Automatic;
				CURRENT_PROJECT_VERSION = 1;
				DEVELOPMENT_TEAM = PT7L42U54T;
				GENERATE_INFOPLIST_FILE = YES;
				INFOPLIST_FILE = Photorama/Info.plist;
				INFOPLIST_KEY_UIApplicationSupportsIndirectInputEvents = YES;
				INFOPLIST_KEY_UILaunchStoryboardName = LaunchScreen;
				INFOPLIST_KEY_UIMainStoryboardFile = Main;
				INFOPLIST_KEY_UISupportedInterfaceOrientations_iPad = "UIInterfaceOrientationPortrait UIInterfaceOrientationPortraitUpsideDown UIInterfaceOrientationLandscapeLeft UIInterfaceOrientationLandscapeRight";
				INFOPLIST_KEY_UISupportedInterfaceOrientations_iPhone = "UIInterfaceOrientationPortrait UIInterfaceOrientationLandscapeLeft UIInterfaceOrientationLandscapeRight";
				LD_RUNPATH_SEARCH_PATHS = (
					"$(inherited)",
					"@executable_path/Frameworks",
				);
				MARKETING_VERSION = 1.0;
				PRODUCT_BUNDLE_IDENTIFIER = BojanMitreski.Photorama;
				PRODUCT_NAME = "$(TARGET_NAME)";
				SWIFT_EMIT_LOC_STRINGS = YES;
				SWIFT_VERSION = 5.0;
				TARGETED_DEVICE_FAMILY = "1,2";
			};
			name = Release;
		};
		EAAA44B22A23EA3600E08173 /* Debug */ = {
			isa = XCBuildConfiguration;
			buildSettings = {
				ALWAYS_EMBED_SWIFT_STANDARD_LIBRARIES = YES;
				BUNDLE_LOADER = "$(TEST_HOST)";
				CODE_SIGN_STYLE = Automatic;
				CURRENT_PROJECT_VERSION = 1;
				DEVELOPMENT_TEAM = PT7L42U54T;
				GENERATE_INFOPLIST_FILE = YES;
				IPHONEOS_DEPLOYMENT_TARGET = 16.4;
				MARKETING_VERSION = 1.0;
				PRODUCT_BUNDLE_IDENTIFIER = BojanMitreski.PhotoramaTests;
				PRODUCT_NAME = "$(TARGET_NAME)";
				SWIFT_EMIT_LOC_STRINGS = NO;
				SWIFT_VERSION = 5.0;
				TARGETED_DEVICE_FAMILY = "1,2";
				TEST_HOST = "$(BUILT_PRODUCTS_DIR)/Photorama.app/$(BUNDLE_EXECUTABLE_FOLDER_PATH)/Photorama";
			};
			name = Debug;
		};
		EAAA44B32A23EA3600E08173 /* Release */ = {
			isa = XCBuildConfiguration;
			buildSettings = {
				ALWAYS_EMBED_SWIFT_STANDARD_LIBRARIES = YES;
				BUNDLE_LOADER = "$(TEST_HOST)";
				CODE_SIGN_STYLE = Automatic;
				CURRENT_PROJECT_VERSION = 1;
				DEVELOPMENT_TEAM = PT7L42U54T;
				GENERATE_INFOPLIST_FILE = YES;
				IPHONEOS_DEPLOYMENT_TARGET = 16.4;
				MARKETING_VERSION = 1.0;
				PRODUCT_BUNDLE_IDENTIFIER = BojanMitreski.PhotoramaTests;
				PRODUCT_NAME = "$(TARGET_NAME)";
				SWIFT_EMIT_LOC_STRINGS = NO;
				SWIFT_VERSION = 5.0;
				TARGETED_DEVICE_FAMILY = "1,2";
				TEST_HOST = "$(BUILT_PRODUCTS_DIR)/Photorama.app/$(BUNDLE_EXECUTABLE_FOLDER_PATH)/Photorama";
			};
			name = Release;
		};
		EAAA44B52A23EA3600E08173 /* Debug */ = {
			isa = XCBuildConfiguration;
			buildSettings = {
				ALWAYS_EMBED_SWIFT_STANDARD_LIBRARIES = YES;
				CODE_SIGN_STYLE = Automatic;
				CURRENT_PROJECT_VERSION = 1;
				DEVELOPMENT_TEAM = PT7L42U54T;
				GENERATE_INFOPLIST_FILE = YES;
				MARKETING_VERSION = 1.0;
				PRODUCT_BUNDLE_IDENTIFIER = BojanMitreski.PhotoramaUITests;
				PRODUCT_NAME = "$(TARGET_NAME)";
				SWIFT_EMIT_LOC_STRINGS = NO;
				SWIFT_VERSION = 5.0;
				TARGETED_DEVICE_FAMILY = "1,2";
				TEST_TARGET_NAME = Photorama;
			};
			name = Debug;
		};
		EAAA44B62A23EA3600E08173 /* Release */ = {
			isa = XCBuildConfiguration;
			buildSettings = {
				ALWAYS_EMBED_SWIFT_STANDARD_LIBRARIES = YES;
				CODE_SIGN_STYLE = Automatic;
				CURRENT_PROJECT_VERSION = 1;
				DEVELOPMENT_TEAM = PT7L42U54T;
				GENERATE_INFOPLIST_FILE = YES;
				MARKETING_VERSION = 1.0;
				PRODUCT_BUNDLE_IDENTIFIER = BojanMitreski.PhotoramaUITests;
				PRODUCT_NAME = "$(TARGET_NAME)";
				SWIFT_EMIT_LOC_STRINGS = NO;
				SWIFT_VERSION = 5.0;
				TARGETED_DEVICE_FAMILY = "1,2";
				TEST_TARGET_NAME = Photorama;
			};
			name = Release;
		};
/* End XCBuildConfiguration section */

/* Begin XCConfigurationList section */
		EAAA447F2A23EA3500E08173 /* Build configuration list for PBXProject "Photorama" */ = {
			isa = XCConfigurationList;
			buildConfigurations = (
				EAAA44AC2A23EA3600E08173 /* Debug */,
				EAAA44AD2A23EA3600E08173 /* Release */,
			);
			defaultConfigurationIsVisible = 0;
			defaultConfigurationName = Release;
		};
		EAAA44AE2A23EA3600E08173 /* Build configuration list for PBXNativeTarget "Photorama" */ = {
			isa = XCConfigurationList;
			buildConfigurations = (
				EAAA44AF2A23EA3600E08173 /* Debug */,
				EAAA44B02A23EA3600E08173 /* Release */,
			);
			defaultConfigurationIsVisible = 0;
			defaultConfigurationName = Release;
		};
		EAAA44B12A23EA3600E08173 /* Build configuration list for PBXNativeTarget "PhotoramaTests" */ = {
			isa = XCConfigurationList;
			buildConfigurations = (
				EAAA44B22A23EA3600E08173 /* Debug */,
				EAAA44B32A23EA3600E08173 /* Release */,
			);
			defaultConfigurationIsVisible = 0;
			defaultConfigurationName = Release;
		};
		EAAA44B42A23EA3600E08173 /* Build configuration list for PBXNativeTarget "PhotoramaUITests" */ = {
			isa = XCConfigurationList;
			buildConfigurations = (
				EAAA44B52A23EA3600E08173 /* Debug */,
				EAAA44B62A23EA3600E08173 /* Release */,
			);
			defaultConfigurationIsVisible = 0;
			defaultConfigurationName = Release;
		};
/* End XCConfigurationList section */
	};
	rootObject = EAAA447C2A23EA3500E08173 /* Project object */;
}
